PODS:
  - AWSAuthCore (2.6.35):
    - AWSCore (= 2.6.35)
  - AWSCognito (2.6.35):
    - AWSCore (= 2.6.35)
  - AWSCore (2.6.35)
  - AWSMobileClient (2.6.35):
    - AWSAuthCore (= 2.6.35)
  - AWSS3 (2.6.35):
    - AWSCore (= 2.6.35)
  - Bolts (1.9.0):
    - Bolts/AppLinks (= 1.9.0)
    - Bolts/Tasks (= 1.9.0)
  - Bolts/AppLinks (1.9.0):
    - Bolts/Tasks
  - Bolts/Tasks (1.9.0)
  - FacebookCore (0.6.0):
    - Bolts (~> 1.9)
    - FBSDKCoreKit (~> 4.43)
  - FacebookLogin (0.6.0):
    - Bolts (~> 1.9)
    - FacebookCore (~> 0.5)
    - FBSDKCoreKit (~> 4.43)
    - FBSDKLoginKit (~> 4.43)
  - FacebookShare (0.6.1):
    - Bolts (~> 1.9)
    - FacebookCore (~> 0.5)
    - FBSDKCoreKit (~> 4.43)
    - FBSDKShareKit (~> 4.43)
  - FBSDKCoreKit (4.44.1):
    - Bolts (~> 1.9)
  - FBSDKLoginKit (4.44.1):
    - FBSDKCoreKit
  - FBSDKShareKit (4.44.1):
    - FBSDKCoreKit
  - SwiftyJSON (5.0.0)

DEPENDENCIES:
  - AWSCognito (~> 2.6.13)
  - AWSMobileClient (~> 2.6.13)
  - AWSS3 (~> 2.6.13)
  - FacebookCore
  - FacebookLogin
  - FacebookShare
  - SwiftyJSON

SPEC REPOS:
  https://github.com/cocoapods/specs.git:
    - AWSAuthCore
    - AWSCognito
    - AWSCore
    - AWSMobileClient
    - AWSS3
    - Bolts
    - FacebookCore
    - FacebookLogin
    - FacebookShare
    - FBSDKCoreKit
    - FBSDKLoginKit
    - FBSDKShareKit
    - SwiftyJSON

SPEC CHECKSUMS:
  AWSAuthCore: 386e045a341acebf2409425467e907ae1a45ed63
  AWSCognito: 6b96ae976b5f59881c1bb406e0c7d08494651dee
  AWSCore: 2dab62ef2e5ca5d8c72c6cbdb3a6ea1532c27c2b
  AWSMobileClient: f89a36e0d95fc354a9d3b50d347371788c542449
  AWSS3: 282a590bb47e9cd88de24979fb28954399c41c52
  Bolts: ac6567323eac61e203f6a9763667d0f711be34c8
  FacebookCore: 38cd3a4078738d6f648eb9b6b9d35b02d693e9a1
  FacebookLogin: 658b0569961a081a0890f5f4dbf69ced00657d9e
  FacebookShare: 84bccbc222fc09c839b851925ad6c295a4ab7840
  FBSDKCoreKit: a823ae35bdb60ebb8d7a7e51abe7c5d87d2bfced
  FBSDKLoginKit: 54ae59987f2a8703021557c90a9aebb9e5c2bef6
  FBSDKShareKit: 526d4cfb713d24855fa23d0dd74e191accd3a720
  SwiftyJSON: 36413e04c44ee145039d332b4f4e2d3e8d6c4db7

PODFILE CHECKSUM: 6d2eb34d30644f9d6130aefa0b2e5d66c6f197d6

COCOAPODS: 1.5.3
